
Microsoft Visual Studio Solution File, Format Version 12.00
# Visual Studio 15
VisualStudioVersion = 15.0.27004.2006
MinimumVisualStudioVersion = 10.0.40219.1
Project("{FAE04EC0-301F-11D3-BF4B-00C04F79EFBC}") = "LINQ exercises", "LINQ exercises\LINQ exercises.csproj", "{2FF26BCF-344B-4E37-BF02-58EA98C76424}"
EndProject
Project("{FAE04EC0-301F-11D3-BF4B-00C04F79EFBC}") = "LINQ exercisesTests", "LINQ exercisesTests\LINQ exercisesTests.csproj", "{B8CC47A7-56E8-43CF-9EB9-2250E96FDD85}"
EndProject
Global
	GlobalSection(SolutionConfigurationPlatforms) = preSolution
		Debug|Any CPU = Debug|Any CPU
		Release|Any CPU = Release|Any CPU
	EndGlobalSection
	GlobalSection(ProjectConfigurationPlatforms) = postSolution
		{2FF26BCF-344B-4E37-BF02-58EA98C76424}.Debug|Any CPU.ActiveCfg = Debug|Any CPU
		{2FF26BCF-344B-4E37-BF02-58EA98C76424}.Debug|Any CPU.Build.0 = Debug|Any CPU
		{2FF26BCF-344B-4E37-BF02-58EA98C76424}.Release|Any CPU.ActiveCfg = Release|Any CPU
		{2FF26BCF-344B-4E37-BF02-58EA98C76424}.Release|Any CPU.Build.0 = Release|Any CPU
		{B8CC47A7-56E8-43CF-9EB9-2250E96FDD85}.Debug|Any CPU.ActiveCfg = Debug|Any CPU
		{B8CC47A7-56E8-43CF-9EB9-2250E96FDD85}.Debug|Any CPU.Build.0 = Debug|Any CPU
		{B8CC47A7-56E8-43CF-9EB9-2250E96FDD85}.Release|Any CPU.ActiveCfg = Release|Any CPU
		{B8CC47A7-56E8-43CF-9EB9-2250E96FDD85}.Release|Any CPU.Build.0 = Release|Any CPU
	EndGlobalSection
	GlobalSection(SolutionProperties) = preSolution
		HideSolutionNode = FALSE
	EndGlobalSection
	GlobalSection(ExtensibilityGlobals) = postSolution
		SolutionGuid = {B60A3F2C-ED9F-475B-9634-03099854CA0B}
	EndGlobalSection
EndGlobal
